Microsoft Visual Studio Solution File, Format Version 7.00
Project("{8BC9CEB8-8B4A-11D0-8D11-00A0C91BC942}") = "qsqlite", "E:/OpenOpen/qt-everywhere-opensource-src-4.8.7/src/plugins/sqldrivers/sqlite\qsqlite.vcxproj", "{913CBE55-109E-3CAF-9239-C96346B68E8B}"
EndProject
Global
	GlobalSection(SolutionConfigurationPlatforms) = preSolution
		Debug|Win32 = Debug|Win32
		Release|Win32 = Release|Win32
	EndGlobalSection
	GlobalSection(ProjectDependencies) = postSolution
	EndGlobalSection
	GlobalSection(ProjectConfigurationPlatforms) = postSolution
		{913CBE55-109E-3CAF-9239-C96346B68E8B}.Debug|Win32.ActiveCfg = Debug|Win32
		{913CBE55-109E-3CAF-9239-C96346B68E8B}.Debug|Win32.Build.0 = Debug|Win32
		{913CBE55-109E-3CAF-9239-C96346B68E8B}.Release|Win32.ActiveCfg = Release|Win32
		{913CBE55-109E-3CAF-9239-C96346B68E8B}.Release|Win32.Build.0 = Release|Win32
	EndGlobalSection
	GlobalSection(ExtensibilityGlobals) = postSolution
	EndGlobalSection
	GlobalSection(ExtensibilityAddIns) = postSolution
	EndGlobalSection
EndGlobal