Microsoft Visual Studio Solution File, Format Version 7.00
Project("{8BC9CEB8-8B4A-11D0-8D11-00A0C91BC942}") = "qmldbg_tcp", "E:/OpenOpen/qt-everywhere-opensource-src-4.8.7/src/plugins/qmltooling/qmldbg_tcp\qmldbg_tcp.vcxproj", "{9BB2F1AE-7905-3C16-89CE-9B35FA7007F8}"
EndProject
Project("{8BC9CEB8-8B4A-11D0-8D11-00A0C91BC942}") = "qmldbg_inspector", "E:/OpenOpen/qt-everywhere-opensource-src-4.8.7/src/plugins/qmltooling/qmldbg_inspector\qmldbg_inspector.vcxproj", "{E9386E4E-1554-30FE-96F5-FED28B23EF55}"
EndProject
Global
	GlobalSection(SolutionConfigurationPlatforms) = preSolution
		Debug|Win32 = Debug|Win32
		Release|Win32 = Release|Win32
	EndGlobalSection
	GlobalSection(ProjectDependencies) = postSolution
	EndGlobalSection
	GlobalSection(ProjectConfigurationPlatforms) = postSolution
		{9BB2F1AE-7905-3C16-89CE-9B35FA7007F8}.Debug|Win32.ActiveCfg = Debug|Win32
		{9BB2F1AE-7905-3C16-89CE-9B35FA7007F8}.Debug|Win32.Build.0 = Debug|Win32
		{9BB2F1AE-7905-3C16-89CE-9B35FA7007F8}.Release|Win32.ActiveCfg = Release|Win32
		{9BB2F1AE-7905-3C16-89CE-9B35FA7007F8}.Release|Win32.Build.0 = Release|Win32
		{E9386E4E-1554-30FE-96F5-FED28B23EF55}.Debug|Win32.ActiveCfg = Debug|Win32
		{E9386E4E-1554-30FE-96F5-FED28B23EF55}.Debug|Win32.Build.0 = Debug|Win32
		{E9386E4E-1554-30FE-96F5-FED28B23EF55}.Release|Win32.ActiveCfg = Release|Win32
		{E9386E4E-1554-30FE-96F5-FED28B23EF55}.Release|Win32.Build.0 = Release|Win32
	EndGlobalSection
	GlobalSection(ExtensibilityGlobals) = postSolution
	EndGlobalSection
	GlobalSection(ExtensibilityAddIns) = postSolution
	EndGlobalSection
EndGlobal