Microsoft Visual Studio Solution File, Format Version 7.00
Project("{8BC9CEB8-8B4A-11D0-8D11-00A0C91BC942}") = "qmlfolderlistmodelplugin", "E:/OpenOpen/qt-everywhere-opensource-src-4.8.7/src/imports/folderlistmodel\qmlfolderlistmodelplugin.vcxproj", "{AEDEEB64-9CAB-3AE4-A5EC-F02B0871740B}"
EndProject
Project("{8BC9CEB8-8B4A-11D0-8D11-00A0C91BC942}") = "qmlparticlesplugin", "E:/OpenOpen/qt-everywhere-opensource-src-4.8.7/src/imports/particles\qmlparticlesplugin.vcxproj", "{E89D4BD4-B112-3AAF-9B8C-6957B86A5F1A}"
EndProject
Project("{8BC9CEB8-8B4A-11D0-8D11-00A0C91BC942}") = "qmlgesturesplugin", "E:/OpenOpen/qt-everywhere-opensource-src-4.8.7/src/imports/gestures\qmlgesturesplugin.vcxproj", "{F6BBC7FF-1278-3723-8E82-1529FD02DF47}"
EndProject
Project("{8BC9CEB8-8B4A-11D0-8D11-00A0C91BC942}") = "qmlshadersplugin", "E:/OpenOpen/qt-everywhere-opensource-src-4.8.7/src/imports/shaders\qmlshadersplugin.vcxproj", "{8EF7BB8D-C215-377B-9632-D6AD94959061}"
EndProject
Global
	GlobalSection(SolutionConfigurationPlatforms) = preSolution
		Debug|Win32 = Debug|Win32
		Release|Win32 = Release|Win32
	EndGlobalSection
	GlobalSection(ProjectDependencies) = postSolution
	EndGlobalSection
	GlobalSection(ProjectConfigurationPlatforms) = postSolution
		{AEDEEB64-9CAB-3AE4-A5EC-F02B0871740B}.Debug|Win32.ActiveCfg = Debug|Win32
		{AEDEEB64-9CAB-3AE4-A5EC-F02B0871740B}.Debug|Win32.Build.0 = Debug|Win32
		{AEDEEB64-9CAB-3AE4-A5EC-F02B0871740B}.Release|Win32.ActiveCfg = Release|Win32
		{AEDEEB64-9CAB-3AE4-A5EC-F02B0871740B}.Release|Win32.Build.0 = Release|Win32
		{E89D4BD4-B112-3AAF-9B8C-6957B86A5F1A}.Debug|Win32.ActiveCfg = Debug|Win32
		{E89D4BD4-B112-3AAF-9B8C-6957B86A5F1A}.Debug|Win32.Build.0 = Debug|Win32
		{E89D4BD4-B112-3AAF-9B8C-6957B86A5F1A}.Release|Win32.ActiveCfg = Release|Win32
		{E89D4BD4-B112-3AAF-9B8C-6957B86A5F1A}.Release|Win32.Build.0 = Release|Win32
		{F6BBC7FF-1278-3723-8E82-1529FD02DF47}.Debug|Win32.ActiveCfg = Debug|Win32
		{F6BBC7FF-1278-3723-8E82-1529FD02DF47}.Debug|Win32.Build.0 = Debug|Win32
		{F6BBC7FF-1278-3723-8E82-1529FD02DF47}.Release|Win32.ActiveCfg = Release|Win32
		{F6BBC7FF-1278-3723-8E82-1529FD02DF47}.Release|Win32.Build.0 = Release|Win32
		{8EF7BB8D-C215-377B-9632-D6AD94959061}.Debug|Win32.ActiveCfg = Debug|Win32
		{8EF7BB8D-C215-377B-9632-D6AD94959061}.Debug|Win32.Build.0 = Debug|Win32
		{8EF7BB8D-C215-377B-9632-D6AD94959061}.Release|Win32.ActiveCfg = Release|Win32
		{8EF7BB8D-C215-377B-9632-D6AD94959061}.Release|Win32.Build.0 = Release|Win32
	EndGlobalSection
	GlobalSection(ExtensibilityGlobals) = postSolution
	EndGlobalSection
	GlobalSection(ExtensibilityAddIns) = postSolution
	EndGlobalSection
EndGlobal