Microsoft Visual Studio Solution File, Format Version 7.00
Project("{8BC9CEB8-8B4A-11D0-8D11-00A0C91BC942}") = "QAxContainer", "E:/OpenOpen/qt-everywhere-opensource-src-4.8.7/src/activeqt/container\QAxContainer.vcxproj", "{CD503A28-DCF6-3886-8B96-F0FAE5D487CA}"
EndProject
Project("{8BC9CEB8-8B4A-11D0-8D11-00A0C91BC942}") = "QAxServer", "E:/OpenOpen/qt-everywhere-opensource-src-4.8.7/src/activeqt/control\QAxServer.vcxproj", "{9C95DFD2-AFD2-30F9-B417-C305A055C559}"
EndProject
Global
	GlobalSection(SolutionConfigurationPlatforms) = preSolution
		Debug|Win32 = Debug|Win32
		Release|Win32 = Release|Win32
	EndGlobalSection
	GlobalSection(ProjectDependencies) = postSolution
	EndGlobalSection
	GlobalSection(ProjectConfigurationPlatforms) = postSolution
		{CD503A28-DCF6-3886-8B96-F0FAE5D487CA}.Debug|Win32.ActiveCfg = Debug|Win32
		{CD503A28-DCF6-3886-8B96-F0FAE5D487CA}.Debug|Win32.Build.0 = Debug|Win32
		{CD503A28-DCF6-3886-8B96-F0FAE5D487CA}.Release|Win32.ActiveCfg = Release|Win32
		{CD503A28-DCF6-3886-8B96-F0FAE5D487CA}.Release|Win32.Build.0 = Release|Win32
		{9C95DFD2-AFD2-30F9-B417-C305A055C559}.Debug|Win32.ActiveCfg = Debug|Win32
		{9C95DFD2-AFD2-30F9-B417-C305A055C559}.Debug|Win32.Build.0 = Debug|Win32
		{9C95DFD2-AFD2-30F9-B417-C305A055C559}.Release|Win32.ActiveCfg = Release|Win32
		{9C95DFD2-AFD2-30F9-B417-C305A055C559}.Release|Win32.Build.0 = Release|Win32
	EndGlobalSection
	GlobalSection(ExtensibilityGlobals) = postSolution
	EndGlobalSection
	GlobalSection(ExtensibilityAddIns) = postSolution
	EndGlobalSection
EndGlobal