Microsoft Visual Studio Solution File, Format Version 7.00
Project("{8BC9CEB8-8B4A-11D0-8D11-00A0C91BC942}") = "qtaccessiblewidgets", "E:/OpenOpen/qt-everywhere-opensource-src-4.8.7/src/plugins/accessible/widgets\qtaccessiblewidgets.vcxproj", "{64F30209-3F5D-3FD1-896D-2960315C6CD4}"
EndProject
Project("{8BC9CEB8-8B4A-11D0-8D11-00A0C91BC942}") = "qtaccessiblecompatwidgets", "E:/OpenOpen/qt-everywhere-opensource-src-4.8.7/src/plugins/accessible/compat\qtaccessiblecompatwidgets.vcxproj", "{48A5D258-A26A-384A-8090-C310BAF543DC}"
EndProject
Global
	GlobalSection(SolutionConfigurationPlatforms) = preSolution
		Debug|Win32 = Debug|Win32
		Release|Win32 = Release|Win32
	EndGlobalSection
	GlobalSection(ProjectDependencies) = postSolution
	EndGlobalSection
	GlobalSection(ProjectConfigurationPlatforms) = postSolution
		{64F30209-3F5D-3FD1-896D-2960315C6CD4}.Debug|Win32.ActiveCfg = Debug|Win32
		{64F30209-3F5D-3FD1-896D-2960315C6CD4}.Debug|Win32.Build.0 = Debug|Win32
		{64F30209-3F5D-3FD1-896D-2960315C6CD4}.Release|Win32.ActiveCfg = Release|Win32
		{64F30209-3F5D-3FD1-896D-2960315C6CD4}.Release|Win32.Build.0 = Release|Win32
		{48A5D258-A26A-384A-8090-C310BAF543DC}.Debug|Win32.ActiveCfg = Debug|Win32
		{48A5D258-A26A-384A-8090-C310BAF543DC}.Debug|Win32.Build.0 = Debug|Win32
		{48A5D258-A26A-384A-8090-C310BAF543DC}.Release|Win32.ActiveCfg = Release|Win32
		{48A5D258-A26A-384A-8090-C310BAF543DC}.Release|Win32.Build.0 = Release|Win32
	EndGlobalSection
	GlobalSection(ExtensibilityGlobals) = postSolution
	EndGlobalSection
	GlobalSection(ExtensibilityAddIns) = postSolution
	EndGlobalSection
EndGlobal